// !$*UTF8*$!
{
	archiveVersion = 1;
	classes = {
	};
	objectVersion = 46;
	objects = {

/* Begin PBXBuildFile section */
		175E46DA1AC9A538004EEBCB /* main.m in Sources */ = {isa = PBXBuildFile; fileRef = 175E46D91AC9A538004EEBCB /* main.m */; };
/* End PBXBuildFile section */

/* Begin PBXCopyFilesBuildPhase section */
		175E46D41AC9A538004EEBCB /* CopyFiles */ = {
			isa = PBXCopyFilesBuildPhase;
			buildActionMask = 2147483647;
			dstPath = /usr/share/man/man1/;
			dstSubfolderSpec = 0;
			files = (
			);
			runOnlyForDeploymentPostprocessing = 1;
		};
/* End PBXCopyFilesBuildPhase section */

/* Begin PBXFileReference section */
		175E46D61AC9A538004EEBCB /* ForStatement */ = {isa = PBXFileReference; explicitFileType = "compiled.mach-o.executable"; includeInIndex = 0; path = ForStatement; sourceTree = BUILT_PRODUCTS_DIR; };
		175E46D91AC9A538004EEBCB /* main.m */ = {isa = PBXFileReference; lastKnownFileType = sourcecode.c.objc; path = main.m; sourceTree = "<group>"; };
/* End PBXFileReference section */

/* Begin PBXFrameworksBuildPhase section */
		175E46D31AC9A538004EEBCB /* Frameworks */ = {
			isa = PBXFrameworksBuildPhase;
			buildActionMask = 2147483647;
			files = (
			);
			runOnlyForDeploymentPostprocessing = 0;
		};
/* End PBXFrameworksBuildPhase section */

/* Begin PBXGroup section */
		175E46CD1AC9A538004EEBCB = {
			isa = PBXGroup;
			children = (
				175E46D81AC9A538004EEBCB /* ForStatement */,
				175E46D71AC9A538004EEBCB /* Products */,
			);
			sourceTree = "<group>";
		};
		175E46D71AC9A538004EEBCB /* Products */ = {
			isa = PBXGroup;
			children = (
				175E46D61AC9A538004EEBCB /* ForStatement */,
			);
			name = Products;
			sourceTree = "<group>";
		};
		175E46D81AC9A538004EEBCB /* ForStatement */ = {
			isa = PBXGroup;
			children = (
				175E46D91AC9A538004EEBCB /* main.m */,
			);
			path = ForStatement;
			sourceTree = "<group>";
		};
/* End PBXGroup section */

/* Begin PBXNativeTarget section */
		175E46D51AC9A538004EEBCB /* ForStatement */ = {
			isa = PBXNativeTarget;
			buildConfigurationList = 175E46DD1AC9A538004EEBCB /* Build configuration list for PBXNativeTarget "ForStatement" */;
			buildPhases = (
				175E46D21AC9A538004EEBCB /* Sources */,
				175E46D31AC9A538004EEBCB /* Frameworks */,
				175E46D41AC9A538004EEBCB /* CopyFiles */,
			);
			buildRules = (
			);
			dependencies = (
			);
			name = ForStatement;
			productName = ForStatement;
			productReference = 175E46D61AC9A538004EEBCB /* ForStatement */;
			productType = "com.apple.product-type.tool";
		};
/* End PBXNativeTarget section */

/* Begin PBXProject section */
		175E46CE1AC9A538004EEBCB /* Project object */ = {
			isa = PBXProject;
			attributes = {
				LastUpgradeCheck = 0620;
				ORGANIZATIONNAME = "Jared Taylor";
				TargetAttributes = {
					175E46D51AC9A538004EEBCB = {
						CreatedOnToolsVersion = 6.2;
					};
				};
			};
			buildConfigurationList = 175E46D11AC9A538004EEBCB /* Build configuration list for PBXProject "ForStatement" */;
			compatibilityVersion = "Xcode 3.2";
			developmentRegion = English;
			hasScannedForEncodings = 0;
			knownRegions = (
				en,
			);
			mainGroup = 175E46CD1AC9A538004EEBCB;
			productRefGroup = 175E46D71AC9A538004EEBCB /* Products */;
			projectDirPath = "";
			projectRoot = "";
			targets = (
				175E46D51AC9A538004EEBCB /* ForStatement */,
			);
		};
/* End PBXProject section */

/* Begin PBXSourcesBuildPhase section */
		175E46D21AC9A538004EEBCB /* Sources */ = {
			isa = PBXSourcesBuildPhase;
			buildActionMask = 2147483647;
			files = (
				175E46DA1AC9A538004EEBCB /* main.m in Sources */,
			);
			runOnlyForDeploymentPostprocessing = 0;
		};
/* End PBXSourcesBuildPhase section */

/* Begin XCBuildConfiguration section */
		175E46DB1AC9A538004EEBCB /* Debug */ = {
			isa = XCBuildConfiguration;
			buildSettings = {
				ALWAYS_SEARCH_USER_PATHS = NO;
				CLANG_CXX_LANGUAGE_STANDARD = "gnu++0x";
				CLANG_CXX_LIBRARY = "libc++";
				CLANG_ENABLE_MODULES = YES;
				CLANG_ENABLE_OBJC_ARC = YES;
				CLANG_WARN_BOOL_CONVERSION = YES;
				CLANG_WARN_CONSTANT_CONVERSION = YES;
				CLANG_WARN_DIRECT_OBJC_ISA_USAGE = YES_ERROR;
				CLANG_WARN_EMPTY_BODY = YES;
				CLANG_WARN_ENUM_CONVERSION = YES;
				CLANG_WARN_INT_CONVERSION = YES;
				CLANG_WARN_OBJC_ROOT_CLASS = YES_ERROR;
				CLANG_WARN_UNREACHABLE_CODE = YES;
				CLANG_WARN__DUPLICATE_METHOD_MATCH = YES;
				COPY_PHASE_STRIP = NO;
				ENABLE_STRICT_OBJC_MSGSEND = YES;
				GCC_C_LANGUAGE_STANDARD = gnu99;
				GCC_DYNAMIC_NO_PIC = NO;
				GCC_OPTIMIZATION_LEVEL = 0;
				GCC_PREPROCESSOR_DEFINITIONS = (
					"DEBUG=1",
					"$(inherited)",
				);
				GCC_SYMBOLS_PRIVATE_EXTERN = NO;
				GCC_WARN_64_TO_32_BIT_CONVERSION = YES;
				GCC_WARN_ABOUT_RETURN_TYPE = YES_ERROR;
				GCC_WARN_UNDECLARED_SELECTOR = YES;
				GCC_WARN_UNINITIALIZED_AUTOS = YES_AGGRESSIVE;
				GCC_WARN_UNUSED_FUNCTION = YES;
				GCC_WARN_UNUSED_VARIABLE = YES;
				MACOSX_DEPLOYMENT_TARGET = 10.10;
				MTL_ENABLE_DEBUG_INFO = YES;
				ONLY_ACTIVE_ARCH = YES;
				SDKROOT = macosx;
			};
			name = Debug;
		};
		175E46DC1AC9A538004EEBCB /* Release */ = {
			isa = XCBuildConfiguration;
			buildSettings = {
				ALWAYS_SEARCH_USER_PATHS = NO;
				CLANG_CXX_LANGUAGE_STANDARD = "gnu++0x";
				CLANG_CXX_LIBRARY = "libc++";
				CLANG_ENABLE_MODULES = YES;
				CLANG_ENABLE_OBJC_ARC = YES;
				CLANG_WARN_BOOL_CONVERSION = YES;
				CLANG_WARN_CONSTANT_CONVERSION = YES;
				CLANG_WARN_DIRECT_OBJC_ISA_USAGE = YES_ERROR;
				CLANG_WARN_EMPTY_BODY = YES;
				CLANG_WARN_ENUM_CONVERSION = YES;
				CLANG_WARN_INT_CONVERSION = YES;
				CLANG_WARN_OBJC_ROOT_CLASS = YES_ERROR;
				CLANG_WARN_UNREACHABLE_CODE = YES;
				CLANG_WARN__DUPLICATE_METHOD_MATCH = YES;
				COPY_PHASE_STRIP = NO;
				DEBUG_INFORMATION_FORMAT = "dwarf-with-dsym";
				ENABLE_NS_ASSERTIONS = NO;
				ENABLE_STRICT_OBJC_MSGSEND = YES;
				GCC_C_LANGUAGE_STANDARD = gnu99;
				GCC_WARN_64_TO_32_BIT_CONVERSION = YES;
				GCC_WARN_ABOUT_RETURN_TYPE = YES_ERROR;
				GCC_WARN_UNDECLARED_SELECTOR = YES;
				GCC_WARN_UNINITIALIZED_AUTOS = YES_AGGRESSIVE;
				GCC_WARN_UNUSED_FUNCTION = YES;
				GCC_WARN_UNUSED_VARIABLE = YES;
				MACOSX_DEPLOYMENT_TARGET = 10.10;
				MTL_ENABLE_DEBUG_INFO = NO;
				SDKROOT = macosx;
			};
			name = Release;
		};
		175E46DE1AC9A538004EEBCB /* Debug */ = {
			isa = XCBuildConfiguration;
			buildSettings = {
				PRODUCT_NAME = "$(TARGET_NAME)";
			};
			name = Debug;
		};
		175E46DF1AC9A538004EEBCB /* Release */ = {
			isa = XCBuildConfiguration;
			buildSettings = {
				PRODUCT_NAME = "$(TARGET_NAME)";
			};
			name = Release;
		};
/* End XCBuildConfiguration section */

/* Begin XCConfigurationList section */
		175E46D11AC9A538004EEBCB /* Build configuration list for PBXProject "ForStatement" */ = {
			isa = XCConfigurationList;
			buildConfigurations = (
				175E46DB1AC9A538004EEBCB /* Debug */,
				175E46DC1AC9A538004EEBCB /* Release */,
			);
			defaultConfigurationIsVisible = 0;
			defaultConfigurationName = Release;
		};
		175E46DD1AC9A538004EEBCB /* Build configuration list for PBXNativeTarget "ForStatement" */ = {
			isa = XCConfigurationList;
			buildConfigurations = (
				175E46DE1AC9A538004EEBCB /* Debug */,
				175E46DF1AC9A538004EEBCB /* Release */,
			);
			defaultConfigurationIsVisible = 0;
		};
/* End XCConfigurationList section */
	};
	rootObject = 175E46CE1AC9A538004EEBCB /* Project object */;
}
